
Microsoft Visual Studio Solution File, Format Version 12.00
# Visual Studio Version 17
VisualStudioVersion = 17.11.35201.85
MinimumVisualStudioVersion = 10.0.40219.1
Project("{9A19103F-16F7-4668-BE54-9A1E7A4F7556}") = "Healthie.Abstractions", "src\Healthie.Abstractions\Healthie.Abstractions.csproj", "{8C7F432C-EBFE-4CA7-A11D-37D09FA358D1}"
EndProject
Project("{2150E333-8FDC-42A3-9474-1A3956D46DE8}") = "src", "src", "{9BAF98D2-CC85-4721-9C67-88576218F61C}"
EndProject
Project("{9A19103F-16F7-4668-BE54-9A1E7A4F7556}") = "Healthie.Scheduling.Hangfire", "src\Healthie.Scheduling.Hangfire\Healthie.Scheduling.Hangfire.csproj", "{EDB0EE80-AEBC-4C7F-8E38-1E3FAFB482C7}"
EndProject
Project("{9A19103F-16F7-4668-BE54-9A1E7A4F7556}") = "Healthie.StateProviding.MemoryCache", "src\Healthie.StateProviding.MemoryCache\Healthie.StateProviding.MemoryCache.csproj", "{2E7BE448-1B6B-40DF-81F4-F248DE3A8B6F}"
EndProject
Project("{9A19103F-16F7-4668-BE54-9A1E7A4F7556}") = "Healthie.Sample.Console", "samples\Healthie.Sample.Console\Healthie.Sample.Console.csproj", "{8C001888-6DFF-4800-B6C6-BD426D4F7303}"
EndProject
Project("{2150E333-8FDC-42A3-9474-1A3956D46DE8}") = "samples", "samples", "{351D767F-E606-42FF-8724-3F548E6D13A4}"
EndProject
Project("{2150E333-8FDC-42A3-9474-1A3956D46DE8}") = "SolutionItems", "SolutionItems", "{02AE681E-C7D8-13C7-8484-4BC65E1B71E8}"
	ProjectSection(SolutionItems) = preProject
		README.md = README.md
	EndProjectSection
EndProject
Project("{FAE04EC0-301F-11D3-BF4B-00C04F79EFBC}") = "Healthie.Scheduling.Quartz", "src\Healthie.Scheduling.Quartz\Healthie.Scheduling.Quartz.csproj", "{28820B2B-52D1-4FCE-9134-2B44811D9953}"
EndProject
Project("{FAE04EC0-301F-11D3-BF4B-00C04F79EFBC}") = "Healthie.DependencyInjection", "src\Healthie.DependencyInjection\Healthie.DependencyInjection.csproj", "{0B6D5D0E-E47C-F04A-9F4B-5A165634C932}"
EndProject
Project("{FAE04EC0-301F-11D3-BF4B-00C04F79EFBC}") = "Healthie.StateProviding.SqlServer", "src\Healthie.StateProviding.SqlServer\Healthie.StateProviding.SqlServer.csproj", "{DAB31989-3A6F-CB81-8F1B-3ADF051923CE}"
EndProject
Project("{FAE04EC0-301F-11D3-BF4B-00C04F79EFBC}") = "Healthie.StateProviding.CosmosDb", "src\Healthie.StateProviding.CosmosDb\Healthie.StateProviding.CosmosDb.csproj", "{A424B149-E5DB-7CBB-A87C-370A091CF1EB}"
EndProject
Global
	GlobalSection(SolutionConfigurationPlatforms) = preSolution
		Debug|Any CPU = Debug|Any CPU
		Release|Any CPU = Release|Any CPU
	EndGlobalSection
	GlobalSection(ProjectConfigurationPlatforms) = postSolution
		{8C7F432C-EBFE-4CA7-A11D-37D09FA358D1}.Debug|Any CPU.ActiveCfg = Debug|Any CPU
		{8C7F432C-EBFE-4CA7-A11D-37D09FA358D1}.Debug|Any CPU.Build.0 = Debug|Any CPU
		{8C7F432C-EBFE-4CA7-A11D-37D09FA358D1}.Release|Any CPU.ActiveCfg = Release|Any CPU
		{8C7F432C-EBFE-4CA7-A11D-37D09FA358D1}.Release|Any CPU.Build.0 = Release|Any CPU
		{EDB0EE80-AEBC-4C7F-8E38-1E3FAFB482C7}.Debug|Any CPU.ActiveCfg = Debug|Any CPU
		{EDB0EE80-AEBC-4C7F-8E38-1E3FAFB482C7}.Debug|Any CPU.Build.0 = Debug|Any CPU
		{EDB0EE80-AEBC-4C7F-8E38-1E3FAFB482C7}.Release|Any CPU.ActiveCfg = Release|Any CPU
		{EDB0EE80-AEBC-4C7F-8E38-1E3FAFB482C7}.Release|Any CPU.Build.0 = Release|Any CPU
		{2E7BE448-1B6B-40DF-81F4-F248DE3A8B6F}.Debug|Any CPU.ActiveCfg = Debug|Any CPU
		{2E7BE448-1B6B-40DF-81F4-F248DE3A8B6F}.Debug|Any CPU.Build.0 = Debug|Any CPU
		{2E7BE448-1B6B-40DF-81F4-F248DE3A8B6F}.Release|Any CPU.ActiveCfg = Release|Any CPU
		{2E7BE448-1B6B-40DF-81F4-F248DE3A8B6F}.Release|Any CPU.Build.0 = Release|Any CPU
		{8C001888-6DFF-4800-B6C6-BD426D4F7303}.Debug|Any CPU.ActiveCfg = Debug|Any CPU
		{8C001888-6DFF-4800-B6C6-BD426D4F7303}.Debug|Any CPU.Build.0 = Debug|Any CPU
		{8C001888-6DFF-4800-B6C6-BD426D4F7303}.Release|Any CPU.ActiveCfg = Release|Any CPU
		{8C001888-6DFF-4800-B6C6-BD426D4F7303}.Release|Any CPU.Build.0 = Release|Any CPU
		{28820B2B-52D1-4FCE-9134-2B44811D9953}.Debug|Any CPU.ActiveCfg = Debug|Any CPU
		{28820B2B-52D1-4FCE-9134-2B44811D9953}.Debug|Any CPU.Build.0 = Debug|Any CPU
		{28820B2B-52D1-4FCE-9134-2B44811D9953}.Release|Any CPU.ActiveCfg = Release|Any CPU
		{28820B2B-52D1-4FCE-9134-2B44811D9953}.Release|Any CPU.Build.0 = Release|Any CPU
		{0B6D5D0E-E47C-F04A-9F4B-5A165634C932}.Debug|Any CPU.ActiveCfg = Debug|Any CPU
		{0B6D5D0E-E47C-F04A-9F4B-5A165634C932}.Debug|Any CPU.Build.0 = Debug|Any CPU
		{0B6D5D0E-E47C-F04A-9F4B-5A165634C932}.Release|Any CPU.ActiveCfg = Release|Any CPU
		{0B6D5D0E-E47C-F04A-9F4B-5A165634C932}.Release|Any CPU.Build.0 = Release|Any CPU
		{DAB31989-3A6F-CB81-8F1B-3ADF051923CE}.Debug|Any CPU.ActiveCfg = Debug|Any CPU
		{DAB31989-3A6F-CB81-8F1B-3ADF051923CE}.Debug|Any CPU.Build.0 = Debug|Any CPU
		{DAB31989-3A6F-CB81-8F1B-3ADF051923CE}.Release|Any CPU.ActiveCfg = Release|Any CPU
		{DAB31989-3A6F-CB81-8F1B-3ADF051923CE}.Release|Any CPU.Build.0 = Release|Any CPU
		{A424B149-E5DB-7CBB-A87C-370A091CF1EB}.Debug|Any CPU.ActiveCfg = Debug|Any CPU
		{A424B149-E5DB-7CBB-A87C-370A091CF1EB}.Debug|Any CPU.Build.0 = Debug|Any CPU
		{A424B149-E5DB-7CBB-A87C-370A091CF1EB}.Release|Any CPU.ActiveCfg = Release|Any CPU
		{A424B149-E5DB-7CBB-A87C-370A091CF1EB}.Release|Any CPU.Build.0 = Release|Any CPU
	EndGlobalSection
	GlobalSection(SolutionProperties) = preSolution
		HideSolutionNode = FALSE
	EndGlobalSection
	GlobalSection(NestedProjects) = preSolution
		{8C7F432C-EBFE-4CA7-A11D-37D09FA358D1} = {9BAF98D2-CC85-4721-9C67-88576218F61C}
		{EDB0EE80-AEBC-4C7F-8E38-1E3FAFB482C7} = {9BAF98D2-CC85-4721-9C67-88576218F61C}
		{2E7BE448-1B6B-40DF-81F4-F248DE3A8B6F} = {9BAF98D2-CC85-4721-9C67-88576218F61C}
		{8C001888-6DFF-4800-B6C6-BD426D4F7303} = {351D767F-E606-42FF-8724-3F548E6D13A4}
		{28820B2B-52D1-4FCE-9134-2B44811D9953} = {9BAF98D2-CC85-4721-9C67-88576218F61C}
		{0B6D5D0E-E47C-F04A-9F4B-5A165634C932} = {9BAF98D2-CC85-4721-9C67-88576218F61C}
		{DAB31989-3A6F-CB81-8F1B-3ADF051923CE} = {9BAF98D2-CC85-4721-9C67-88576218F61C}
		{A424B149-E5DB-7CBB-A87C-370A091CF1EB} = {9BAF98D2-CC85-4721-9C67-88576218F61C}
	EndGlobalSection
	GlobalSection(ExtensibilityGlobals) = postSolution
		SolutionGuid = {0EE98644-4A9C-4D31-8145-997C8B5A8119}
	EndGlobalSection
EndGlobal
